
Microsoft Visual Studio Solution File, Format Version 12.00
# Visual Studio Version 16
VisualStudioVersion = 16.0.31321.278
MinimumVisualStudioVersion = 10.0.40219.1
Project("{FAE04EC0-301F-11D3-BF4B-00C04F79EFBC}") = "Aplicacion 2 3er Bim Pedro Javier", "Aplicacion 2 3er Bim Pedro Javier.csproj", "{E824B287-CA1C-4AB6-B56C-BDA2D265C71B}"
EndProject
Global
	GlobalSection(SolutionConfigurationPlatforms) = preSolution
		Debug|Any CPU = Debug|Any CPU
		Release|Any CPU = Release|Any CPU
	EndGlobalSection
	GlobalSection(ProjectConfigurationPlatforms) = postSolution
		{E824B287-CA1C-4AB6-B56C-BDA2D265C71B}.Debug|Any CPU.ActiveCfg = Debug|Any CPU
		{E824B287-CA1C-4AB6-B56C-BDA2D265C71B}.Debug|Any CPU.Build.0 = Debug|Any CPU
		{E824B287-CA1C-4AB6-B56C-BDA2D265C71B}.Release|Any CPU.ActiveCfg = Release|Any CPU
		{E824B287-CA1C-4AB6-B56C-BDA2D265C71B}.Release|Any CPU.Build.0 = Release|Any CPU
	EndGlobalSection
	GlobalSection(SolutionProperties) = preSolution
		HideSolutionNode = FALSE
	EndGlobalSection
	GlobalSection(ExtensibilityGlobals) = postSolution
		SolutionGuid = {BF1EB850-5903-4D4F-A137-8F32BCE4C50C}
	EndGlobalSection
EndGlobal
